// !$*UTF8*$!
{
	archiveVersion = 1;
	classes = {
	};
	objectVersion = 50;
	objects = {

/* Begin PBXBuildFile section */
		AA02270226AAE8A900480A18 /* Person.swift in Sources */ = {isa = PBXBuildFile; fileRef = AA02270126AAE8A900480A18 /* Person.swift */; };
		AA02270626AB02AB00480A18 /* CommitteeView.swift in Sources */ = {isa = PBXBuildFile; fileRef = AA02270526AB02AB00480A18 /* CommitteeView.swift */; };
		AA14DF2326AC047500C5079C /* JobsView.swift in Sources */ = {isa = PBXBuildFile; fileRef = AA14DF2226AC047500C5079C /* JobsView.swift */; };
		AA14DF2526AC048600C5079C /* EventsView.swift in Sources */ = {isa = PBXBuildFile; fileRef = AA14DF2426AC048600C5079C /* EventsView.swift */; };
		AA14DF2726AC049B00C5079C /* TutoringView.swift in Sources */ = {isa = PBXBuildFile; fileRef = AA14DF2626AC049B00C5079C /* TutoringView.swift */; };
		AA14DF2926AC04AC00C5079C /* FreshersView.swift in Sources */ = {isa = PBXBuildFile; fileRef = AA14DF2826AC04AC00C5079C /* FreshersView.swift */; };
		AA14DF2B26AC04BC00C5079C /* InfoView.swift in Sources */ = {isa = PBXBuildFile; fileRef = AA14DF2A26AC04BC00C5079C /* InfoView.swift */; };
		AA35A6ED26AC644A00F16DF9 /* LocationsView.swift in Sources */ = {isa = PBXBuildFile; fileRef = AA35A6EC26AC644A00F16DF9 /* LocationsView.swift */; };
		AA35A6EF26AC64A100F16DF9 /* abouts.json in Resources */ = {isa = PBXBuildFile; fileRef = AA35A6EE26AC64A100F16DF9 /* abouts.json */; };
		AA35A6F126AC664A00F16DF9 /* About.swift in Sources */ = {isa = PBXBuildFile; fileRef = AA35A6F026AC664A00F16DF9 /* About.swift */; };
		AA750F8F26E3CCA800B60013 /* Content.txt in Resources */ = {isa = PBXBuildFile; fileRef = AA750F8E26E3CCA800B60013 /* Content.txt */; };
		AA9A409226A43A1D002F7BA3 /* CySocApp.swift in Sources */ = {isa = PBXBuildFile; fileRef = AA9A409126A43A1D002F7BA3 /* CySocApp.swift */; };
		AA9A409426A43A1D002F7BA3 /* HomeView.swift in Sources */ = {isa = PBXBuildFile; fileRef = AA9A409326A43A1D002F7BA3 /* HomeView.swift */; };
		AA9A409626A43A1E002F7BA3 /* Assets.xcassets in Resources */ = {isa = PBXBuildFile; fileRef = AA9A409526A43A1E002F7BA3 /* Assets.xcassets */; };
		AA9A409926A43A1E002F7BA3 /* Preview Assets.xcassets in Resources */ = {isa = PBXBuildFile; fileRef = AA9A409826A43A1E002F7BA3 /* Preview Assets.xcassets */; };
		AAB4751626BD7AAC002846C6 /* Data.swift in Sources */ = {isa = PBXBuildFile; fileRef = AAB4751526BD7AAC002846C6 /* Data.swift */; };
		AAC6A8D526C18DFF00594693 /* LaunchScreen.storyboard in Resources */ = {isa = PBXBuildFile; fileRef = AAC6A8D426C18DFF00594693 /* LaunchScreen.storyboard */; };
		AAC6DBE326AB322B009FF518 /* AboutView.swift in Sources */ = {isa = PBXBuildFile; fileRef = AAC6DBE226AB322B009FF518 /* AboutView.swift */; };
		AAC6DBE526AB324C009FF518 /* AnnouncementView.swift in Sources */ = {isa = PBXBuildFile; fileRef = AAC6DBE426AB324C009FF518 /* AnnouncementView.swift */; };
		AAC6DBE726AB36A0009FF518 /* Committee.swift in Sources */ = {isa = PBXBuildFile; fileRef = AAC6DBE626AB36A0009FF518 /* Committee.swift */; };
		AAC6DBE926AB36EE009FF518 /* committee.json in Resources */ = {isa = PBXBuildFile; fileRef = AAC6DBE826AB36EE009FF518 /* committee.json */; };
/* End PBXBuildFile section */

/* Begin PBXFileReference section */
		AA02270126AAE8A900480A18 /* Person.swift */ = {isa = PBXFileReference; lastKnownFileType = sourcecode.swift; path = Person.swift; sourceTree = "<group>"; };
		AA02270526AB02AB00480A18 /* CommitteeView.swift */ = {isa = PBXFileReference; lastKnownFileType = sourcecode.swift; path = CommitteeView.swift; sourceTree = "<group>"; };
		AA14DF2226AC047500C5079C /* JobsView.swift */ = {isa = PBXFileReference; lastKnownFileType = sourcecode.swift; path = JobsView.swift; sourceTree = "<group>"; };
		AA14DF2426AC048600C5079C /* EventsView.swift */ = {isa = PBXFileReference; lastKnownFileType = sourcecode.swift; path = EventsView.swift; sourceTree = "<group>"; };
		AA14DF2626AC049B00C5079C /* TutoringView.swift */ = {isa = PBXFileReference; lastKnownFileType = sourcecode.swift; path = TutoringView.swift; sourceTree = "<group>"; };
		AA14DF2826AC04AC00C5079C /* FreshersView.swift */ = {isa = PBXFileReference; lastKnownFileType = sourcecode.swift; path = FreshersView.swift; sourceTree = "<group>"; };
		AA14DF2A26AC04BC00C5079C /* InfoView.swift */ = {isa = PBXFileReference; lastKnownFileType = sourcecode.swift; path = InfoView.swift; sourceTree = "<group>"; };
		AA35A6EC26AC644A00F16DF9 /* LocationsView.swift */ = {isa = PBXFileReference; lastKnownFileType = sourcecode.swift; path = LocationsView.swift; sourceTree = "<group>"; };
		AA35A6EE26AC64A100F16DF9 /* abouts.json */ = {isa = PBXFileReference; lastKnownFileType = text.json; path = abouts.json; sourceTree = "<group>"; };
		AA35A6F026AC664A00F16DF9 /* About.swift */ = {isa = PBXFileReference; lastKnownFileType = sourcecode.swift; path = About.swift; sourceTree = "<group>"; };
		AA750F8E26E3CCA800B60013 /* Content.txt */ = {isa = PBXFileReference; lastKnownFileType = text; path = Content.txt; sourceTree = "<group>"; };
		AA9A408E26A43A1D002F7BA3 /* CySoc.app */ = {isa = PBXFileReference; explicitFileType = wrapper.application; includeInIndex = 0; path = CySoc.app; sourceTree = BUILT_PRODUCTS_DIR; };
		AA9A409126A43A1D002F7BA3 /* CySocApp.swift */ = {isa = PBXFileReference; lastKnownFileType = sourcecode.swift; path = CySocApp.swift; sourceTree = "<group>"; };
		AA9A409326A43A1D002F7BA3 /* HomeView.swift */ = {isa = PBXFileReference; lastKnownFileType = sourcecode.swift; path = HomeView.swift; sourceTree = "<group>"; };
		AA9A409526A43A1E002F7BA3 /* Assets.xcassets */ = {isa = PBXFileReference; lastKnownFileType = folder.assetcatalog; path = Assets.xcassets; sourceTree = "<group>"; };
		AA9A409826A43A1E002F7BA3 /* Preview Assets.xcassets */ = {isa = PBXFileReference; lastKnownFileType = folder.assetcatalog; path = "Preview Assets.xcassets"; sourceTree = "<group>"; };
		AA9A409A26A43A1E002F7BA3 /* Info.plist */ = {isa = PBXFileReference; lastKnownFileType = text.plist.xml; path = Info.plist; sourceTree = "<group>"; };
		AAB4751526BD7AAC002846C6 /* Data.swift */ = {isa = PBXFileReference; lastKnownFileType = sourcecode.swift; path = Data.swift; sourceTree = "<group>"; };
		AAC6A8D426C18DFF00594693 /* LaunchScreen.storyboard */ = {isa = PBXFileReference; lastKnownFileType = file.storyboard; path = LaunchScreen.storyboard; sourceTree = "<group>"; };
		AAC6DBE226AB322B009FF518 /* AboutView.swift */ = {isa = PBXFileReference; lastKnownFileType = sourcecode.swift; path = AboutView.swift; sourceTree = "<group>"; };
		AAC6DBE426AB324C009FF518 /* AnnouncementView.swift */ = {isa = PBXFileReference; lastKnownFileType = sourcecode.swift; path = AnnouncementView.swift; sourceTree = "<group>"; };
		AAC6DBE626AB36A0009FF518 /* Committee.swift */ = {isa = PBXFileReference; lastKnownFileType = sourcecode.swift; path = Committee.swift; sourceTree = "<group>"; };
		AAC6DBE826AB36EE009FF518 /* committee.json */ = {isa = PBXFileReference; lastKnownFileType = text.json; path = committee.json; sourceTree = "<group>"; };
/* End PBXFileReference section */

/* Begin PBXFrameworksBuildPhase section */
		AA9A408B26A43A1D002F7BA3 /* Frameworks */ = {
			isa = PBXFrameworksBuildPhase;
			buildActionMask = 2147483647;
			files = (
			);
			runOnlyForDeploymentPostprocessing = 0;
		};
/* End PBXFrameworksBuildPhase section */

/* Begin PBXGroup section */
		AA9A408526A43A1D002F7BA3 = {
			isa = PBXGroup;
			children = (
				AA9A409026A43A1D002F7BA3 /* CySoc */,
				AA9A408F26A43A1D002F7BA3 /* Products */,
			);
			sourceTree = "<group>";
		};
		AA9A408F26A43A1D002F7BA3 /* Products */ = {
			isa = PBXGroup;
			children = (
				AA9A408E26A43A1D002F7BA3 /* CySoc.app */,
			);
			name = Products;
			sourceTree = "<group>";
		};
		AA9A409026A43A1D002F7BA3 /* CySoc */ = {
			isa = PBXGroup;
			children = (
				AA02270526AB02AB00480A18 /* CommitteeView.swift */,
				AA9A409126A43A1D002F7BA3 /* CySocApp.swift */,
				AA14DF2226AC047500C5079C /* JobsView.swift */,
				AA14DF2426AC048600C5079C /* EventsView.swift */,
				AA14DF2626AC049B00C5079C /* TutoringView.swift */,
				AAC6DBE226AB322B009FF518 /* AboutView.swift */,
				AAC6DBE426AB324C009FF518 /* AnnouncementView.swift */,
				AA9A409326A43A1D002F7BA3 /* HomeView.swift */,
				AA14DF2A26AC04BC00C5079C /* InfoView.swift */,
				AA750F8E26E3CCA800B60013 /* Content.txt */,
				AA14DF2826AC04AC00C5079C /* FreshersView.swift */,
				AAC6DBE626AB36A0009FF518 /* Committee.swift */,
				AA02270126AAE8A900480A18 /* Person.swift */,
				AAB4751526BD7AAC002846C6 /* Data.swift */,
				AA35A6F026AC664A00F16DF9 /* About.swift */,
				AA9A409526A43A1E002F7BA3 /* Assets.xcassets */,
				AA9A409A26A43A1E002F7BA3 /* Info.plist */,
				AAC6A8D426C18DFF00594693 /* LaunchScreen.storyboard */,
				AAC6DBE826AB36EE009FF518 /* committee.json */,
				AA35A6EE26AC64A100F16DF9 /* abouts.json */,
				AA35A6EC26AC644A00F16DF9 /* LocationsView.swift */,
				AA9A409726A43A1E002F7BA3 /* Preview Content */,
			);
			path = CySoc;
			sourceTree = "<group>";
		};
		AA9A409726A43A1E002F7BA3 /* Preview Content */ = {
			isa = PBXGroup;
			children = (
				AA9A409826A43A1E002F7BA3 /* Preview Assets.xcassets */,
			);
			path = "Preview Content";
			sourceTree = "<group>";
		};
/* End PBXGroup section */

/* Begin PBXNativeTarget section */
		AA9A408D26A43A1D002F7BA3 /* CySoc */ = {
			isa = PBXNativeTarget;
			buildConfigurationList = AA9A409D26A43A1E002F7BA3 /* Build configuration list for PBXNativeTarget "CySoc" */;
			buildPhases = (
				AA9A408A26A43A1D002F7BA3 /* Sources */,
				AA9A408B26A43A1D002F7BA3 /* Frameworks */,
				AA9A408C26A43A1D002F7BA3 /* Resources */,
			);
			buildRules = (
			);
			dependencies = (
			);
			name = CySoc;
			productName = CySoc;
			productReference = AA9A408E26A43A1D002F7BA3 /* CySoc.app */;
			productType = "com.apple.product-type.application";
		};
/* End PBXNativeTarget section */

/* Begin PBXProject section */
		AA9A408626A43A1D002F7BA3 /* Project object */ = {
			isa = PBXProject;
			attributes = {
				LastSwiftUpdateCheck = 1250;
				LastUpgradeCheck = 1250;
				TargetAttributes = {
					AA9A408D26A43A1D002F7BA3 = {
						CreatedOnToolsVersion = 12.5.1;
					};
				};
			};
			buildConfigurationList = AA9A408926A43A1D002F7BA3 /* Build configuration list for PBXProject "CySoc" */;
			compatibilityVersion = "Xcode 9.3";
			developmentRegion = en;
			hasScannedForEncodings = 0;
			knownRegions = (
				en,
				Base,
			);
			mainGroup = AA9A408526A43A1D002F7BA3;
			productRefGroup = AA9A408F26A43A1D002F7BA3 /* Products */;
			projectDirPath = "";
			projectRoot = "";
			targets = (
				AA9A408D26A43A1D002F7BA3 /* CySoc */,
			);
		};
/* End PBXProject section */

/* Begin PBXResourcesBuildPhase section */
		AA9A408C26A43A1D002F7BA3 /* Resources */ = {
			isa = PBXResourcesBuildPhase;
			buildActionMask = 2147483647;
			files = (
				AA9A409926A43A1E002F7BA3 /* Preview Assets.xcassets in Resources */,
				AA750F8F26E3CCA800B60013 /* Content.txt in Resources */,
				AA35A6EF26AC64A100F16DF9 /* abouts.json in Resources */,
				AAC6DBE926AB36EE009FF518 /* committee.json in Resources */,
				AAC6A8D526C18DFF00594693 /* LaunchScreen.storyboard in Resources */,
				AA9A409626A43A1E002F7BA3 /* Assets.xcassets in Resources */,
			);
			runOnlyForDeploymentPostprocessing = 0;
		};
/* End PBXResourcesBuildPhase section */

/* Begin PBXSourcesBuildPhase section */
		AA9A408A26A43A1D002F7BA3 /* Sources */ = {
			isa = PBXSourcesBuildPhase;
			buildActionMask = 2147483647;
			files = (
				AA9A409426A43A1D002F7BA3 /* HomeView.swift in Sources */,
				AAC6DBE726AB36A0009FF518 /* Committee.swift in Sources */,
				AA35A6ED26AC644A00F16DF9 /* LocationsView.swift in Sources */,
				AA14DF2326AC047500C5079C /* JobsView.swift in Sources */,
				AA02270226AAE8A900480A18 /* Person.swift in Sources */,
				AA14DF2B26AC04BC00C5079C /* InfoView.swift in Sources */,
				AAC6DBE526AB324C009FF518 /* AnnouncementView.swift in Sources */,
				AA02270626AB02AB00480A18 /* CommitteeView.swift in Sources */,
				AAC6DBE326AB322B009FF518 /* AboutView.swift in Sources */,
				AA35A6F126AC664A00F16DF9 /* About.swift in Sources */,
				AA9A409226A43A1D002F7BA3 /* CySocApp.swift in Sources */,
				AA14DF2726AC049B00C5079C /* TutoringView.swift in Sources */,
				AAB4751626BD7AAC002846C6 /* Data.swift in Sources */,
				AA14DF2526AC048600C5079C /* EventsView.swift in Sources */,
				AA14DF2926AC04AC00C5079C /* FreshersView.swift in Sources */,
			);
			runOnlyForDeploymentPostprocessing = 0;
		};
/* End PBXSourcesBuildPhase section */

/* Begin XCBuildConfiguration section */
		AA9A409B26A43A1E002F7BA3 /* Debug */ = {
			isa = XCBuildConfiguration;
			buildSettings = {
				ALWAYS_SEARCH_USER_PATHS = NO;
				CLANG_ANALYZER_NONNULL = YES;
				CLANG_ANALYZER_NUMBER_OBJECT_CONVERSION = YES_AGGRESSIVE;
				CLANG_CXX_LANGUAGE_STANDARD = "gnu++14";
				CLANG_CXX_LIBRARY = "libc++";
				CLANG_ENABLE_MODULES = YES;
				CLANG_ENABLE_OBJC_ARC = YES;
				CLANG_ENABLE_OBJC_WEAK = YES;
				CLANG_WARN_BLOCK_CAPTURE_AUTORELEASING = YES;
				CLANG_WARN_BOOL_CONVERSION = YES;
				CLANG_WARN_COMMA = YES;
				CLANG_WARN_CONSTANT_CONVERSION = YES;
				CLANG_WARN_DEPRECATED_OBJC_IMPLEMENTATIONS = YES;
				CLANG_WARN_DIRECT_OBJC_ISA_USAGE = YES_ERROR;
				CLANG_WARN_DOCUMENTATION_COMMENTS = YES;
				CLANG_WARN_EMPTY_BODY = YES;
				CLANG_WARN_ENUM_CONVERSION = YES;
				CLANG_WARN_INFINITE_RECURSION = YES;
				CLANG_WARN_INT_CONVERSION = YES;
				CLANG_WARN_NON_LITERAL_NULL_CONVERSION = YES;
				CLANG_WARN_OBJC_IMPLICIT_RETAIN_SELF = YES;
				CLANG_WARN_OBJC_LITERAL_CONVERSION = YES;
				CLANG_WARN_OBJC_ROOT_CLASS = YES_ERROR;
				CLANG_WARN_QUOTED_INCLUDE_IN_FRAMEWORK_HEADER = YES;
				CLANG_WARN_RANGE_LOOP_ANALYSIS = YES;
				CLANG_WARN_STRICT_PROTOTYPES = YES;
				CLANG_WARN_SUSPICIOUS_MOVE = YES;
				CLANG_WARN_UNGUARDED_AVAILABILITY = YES_AGGRESSIVE;
				CLANG_WARN_UNREACHABLE_CODE = YES;
				CLANG_WARN__DUPLICATE_METHOD_MATCH = YES;
				COPY_PHASE_STRIP = NO;
				DEBUG_INFORMATION_FORMAT = dwarf;
				ENABLE_STRICT_OBJC_MSGSEND = YES;
				ENABLE_TESTABILITY = YES;
				GCC_C_LANGUAGE_STANDARD = gnu11;
				GCC_DYNAMIC_NO_PIC = NO;
				GCC_NO_COMMON_BLOCKS = YES;
				GCC_OPTIMIZATION_LEVEL = 0;
				GCC_PREPROCESSOR_DEFINITIONS = (
					"DEBUG=1",
					"$(inherited)",
				);
				GCC_WARN_64_TO_32_BIT_CONVERSION = YES;
				GCC_WARN_ABOUT_RETURN_TYPE = YES_ERROR;
				GCC_WARN_UNDECLARED_SELECTOR = YES;
				GCC_WARN_UNINITIALIZED_AUTOS = YES_AGGRESSIVE;
				GCC_WARN_UNUSED_FUNCTION = YES;
				GCC_WARN_UNUSED_VARIABLE = YES;
				IPHONEOS_DEPLOYMENT_TARGET = 14.5;
				MTL_ENABLE_DEBUG_INFO = INCLUDE_SOURCE;
				MTL_FAST_MATH = YES;
				ONLY_ACTIVE_ARCH = YES;
				SDKROOT = iphoneos;
				SWIFT_ACTIVE_COMPILATION_CONDITIONS = DEBUG;
				SWIFT_OPTIMIZATION_LEVEL = "-Onone";
			};
			name = Debug;
		};
		AA9A409C26A43A1E002F7BA3 /* Release */ = {
			isa = XCBuildConfiguration;
			buildSettings = {
				ALWAYS_SEARCH_USER_PATHS = NO;
				CLANG_ANALYZER_NONNULL = YES;
				CLANG_ANALYZER_NUMBER_OBJECT_CONVERSION = YES_AGGRESSIVE;
				CLANG_CXX_LANGUAGE_STANDARD = "gnu++14";
				CLANG_CXX_LIBRARY = "libc++";
				CLANG_ENABLE_MODULES = YES;
				CLANG_ENABLE_OBJC_ARC = YES;
				CLANG_ENABLE_OBJC_WEAK = YES;
				CLANG_WARN_BLOCK_CAPTURE_AUTORELEASING = YES;
				CLANG_WARN_BOOL_CONVERSION = YES;
				CLANG_WARN_COMMA = YES;
				CLANG_WARN_CONSTANT_CONVERSION = YES;
				CLANG_WARN_DEPRECATED_OBJC_IMPLEMENTATIONS = YES;
				CLANG_WARN_DIRECT_OBJC_ISA_USAGE = YES_ERROR;
				CLANG_WARN_DOCUMENTATION_COMMENTS = YES;
				CLANG_WARN_EMPTY_BODY = YES;
				CLANG_WARN_ENUM_CONVERSION = YES;
				CLANG_WARN_INFINITE_RECURSION = YES;
				CLANG_WARN_INT_CONVERSION = YES;
				CLANG_WARN_NON_LITERAL_NULL_CONVERSION = YES;
				CLANG_WARN_OBJC_IMPLICIT_RETAIN_SELF = YES;
				CLANG_WARN_OBJC_LITERAL_CONVERSION = YES;
				CLANG_WARN_OBJC_ROOT_CLASS = YES_ERROR;
				CLANG_WARN_QUOTED_INCLUDE_IN_FRAMEWORK_HEADER = YES;
				CLANG_WARN_RANGE_LOOP_ANALYSIS = YES;
				CLANG_WARN_STRICT_PROTOTYPES = YES;
				CLANG_WARN_SUSPICIOUS_MOVE = YES;
				CLANG_WARN_UNGUARDED_AVAILABILITY = YES_AGGRESSIVE;
				CLANG_WARN_UNREACHABLE_CODE = YES;
				CLANG_WARN__DUPLICATE_METHOD_MATCH = YES;
				COPY_PHASE_STRIP = NO;
				DEBUG_INFORMATION_FORMAT = "dwarf-with-dsym";
				ENABLE_NS_ASSERTIONS = NO;
				ENABLE_STRICT_OBJC_MSGSEND = YES;
				GCC_C_LANGUAGE_STANDARD = gnu11;
				GCC_NO_COMMON_BLOCKS = YES;
				GCC_WARN_64_TO_32_BIT_CONVERSION = YES;
				GCC_WARN_ABOUT_RETURN_TYPE = YES_ERROR;
				GCC_WARN_UNDECLARED_SELECTOR = YES;
				GCC_WARN_UNINITIALIZED_AUTOS = YES_AGGRESSIVE;
				GCC_WARN_UNUSED_FUNCTION = YES;
				GCC_WARN_UNUSED_VARIABLE = YES;
				IPHONEOS_DEPLOYMENT_TARGET = 14.5;
				MTL_ENABLE_DEBUG_INFO = NO;
				MTL_FAST_MATH = YES;
				SDKROOT = iphoneos;
				SWIFT_COMPILATION_MODE = wholemodule;
				SWIFT_OPTIMIZATION_LEVEL = "-O";
				VALIDATE_PRODUCT = YES;
			};
			name = Release;
		};
		AA9A409E26A43A1E002F7BA3 /* Debug */ = {
			isa = XCBuildConfiguration;
			buildSettings = {
				ASSETCATALOG_COMPILER_APPICON_NAME = AppIcon;
				ASSETCATALOG_COMPILER_GLOBAL_ACCENT_COLOR_NAME = AccentColor;
				ASSETCATALOG_COMPILER_INCLUDE_ALL_APPICON_ASSETS = YES;
				CODE_SIGN_STYLE = Automatic;
				DEVELOPMENT_ASSET_PATHS = "\"CySoc/Preview Content\"";
				DEVELOPMENT_TEAM = K75278RQ34;
				ENABLE_PREVIEWS = YES;
				INFOPLIST_FILE = CySoc/Info.plist;
				IPHONEOS_DEPLOYMENT_TARGET = 14.0;
				LD_RUNPATH_SEARCH_PATHS = (
					"$(inherited)",
					"@executable_path/Frameworks",
				);
				PRODUCT_BUNDLE_IDENTIFIER = com.giorgosvyronos.CySoc;
				PRODUCT_NAME = "$(TARGET_NAME)";
				SWIFT_VERSION = 5.0;
				TARGETED_DEVICE_FAMILY = "1,2";
			};
			name = Debug;
		};
		AA9A409F26A43A1E002F7BA3 /* Release */ = {
			isa = XCBuildConfiguration;
			buildSettings = {
				ASSETCATALOG_COMPILER_APPICON_NAME = AppIcon;
				ASSETCATALOG_COMPILER_GLOBAL_ACCENT_COLOR_NAME = AccentColor;
				ASSETCATALOG_COMPILER_INCLUDE_ALL_APPICON_ASSETS = YES;
				CODE_SIGN_STYLE = Automatic;
				DEVELOPMENT_ASSET_PATHS = "\"CySoc/Preview Content\"";
				DEVELOPMENT_TEAM = K75278RQ34;
				ENABLE_PREVIEWS = YES;
				INFOPLIST_FILE = CySoc/Info.plist;
				IPHONEOS_DEPLOYMENT_TARGET = 14.0;
				LD_RUNPATH_SEARCH_PATHS = (
					"$(inherited)",
					"@executable_path/Frameworks",
				);
				PRODUCT_BUNDLE_IDENTIFIER = com.giorgosvyronos.CySoc;
				PRODUCT_NAME = "$(TARGET_NAME)";
				SWIFT_VERSION = 5.0;
				TARGETED_DEVICE_FAMILY = "1,2";
			};
			name = Release;
		};
/* End XCBuildConfiguration section */

/* Begin XCConfigurationList section */
		AA9A408926A43A1D002F7BA3 /* Build configuration list for PBXProject "CySoc" */ = {
			isa = XCConfigurationList;
			buildConfigurations = (
				AA9A409B26A43A1E002F7BA3 /* Debug */,
				AA9A409C26A43A1E002F7BA3 /* Release */,
			);
			defaultConfigurationIsVisible = 0;
			defaultConfigurationName = Release;
		};
		AA9A409D26A43A1E002F7BA3 /* Build configuration list for PBXNativeTarget "CySoc" */ = {
			isa = XCConfigurationList;
			buildConfigurations = (
				AA9A409E26A43A1E002F7BA3 /* Debug */,
				AA9A409F26A43A1E002F7BA3 /* Release */,
			);
			defaultConfigurationIsVisible = 0;
			defaultConfigurationName = Release;
		};
/* End XCConfigurationList section */
	};
	rootObject = AA9A408626A43A1D002F7BA3 /* Project object */;
}
